// !$*UTF8*$!
{
	archiveVersion = 1;
	classes = {
	};
	objectVersion = 56;
	objects = {

/* Begin PBXBuildFile section */
		3E10E2D42BF2D3420006E483 /* translate.swift in Sources */ = {isa = PBXBuildFile; fileRef = 3E10E2D32BF2D3420006E483 /* translate.swift */; };
		3E747C1B2BF2DBA30061E19E /* translateService.swift in Sources */ = {isa = PBXBuildFile; fileRef = 3E747C1A2BF2DBA30061E19E /* translateService.swift */; };
		3E7DCF932BECFD3A00E0889F /* AppDelegate.swift in Sources */ = {isa = PBXBuildFile; fileRef = 3E7DCF922BECFD3A00E0889F /* AppDelegate.swift */; };
		3E7DCF952BECFD3A00E0889F /* SceneDelegate.swift in Sources */ = {isa = PBXBuildFile; fileRef = 3E7DCF942BECFD3A00E0889F /* SceneDelegate.swift */; };
		3E7DCF9C2BECFD3B00E0889F /* Assets.xcassets in Resources */ = {isa = PBXBuildFile; fileRef = 3E7DCF9B2BECFD3B00E0889F /* Assets.xcassets */; };
		3E7DCF9F2BECFD3B00E0889F /* Base in Resources */ = {isa = PBXBuildFile; fileRef = 3E7DCF9E2BECFD3B00E0889F /* Base */; };
		3E7DCFAA2BECFD3B00E0889F /* Le_BaluchonTests.swift in Sources */ = {isa = PBXBuildFile; fileRef = 3E7DCFA92BECFD3B00E0889F /* Le_BaluchonTests.swift */; };
		3E7DCFC62BED0EF600E0889F /* CurrencyViewController.swift in Sources */ = {isa = PBXBuildFile; fileRef = 3E7DCFC52BED0EF600E0889F /* CurrencyViewController.swift */; };
		3E7DCFC82BED0F0C00E0889F /* TranslateViewController.swift in Sources */ = {isa = PBXBuildFile; fileRef = 3E7DCFC72BED0F0C00E0889F /* TranslateViewController.swift */; };
		3E7DCFCA2BED0F2200E0889F /* ForecastViewController.swift in Sources */ = {isa = PBXBuildFile; fileRef = 3E7DCFC92BED0F2200E0889F /* ForecastViewController.swift */; };
		3E7DD0142BF1670B00E0889F /* currency.swift in Sources */ = {isa = PBXBuildFile; fileRef = 3E7DD0132BF1670B00E0889F /* currency.swift */; };
		3E7DD0172BF1674900E0889F /* CurrencyService.swift in Sources */ = {isa = PBXBuildFile; fileRef = 3E7DD0162BF1674900E0889F /* CurrencyService.swift */; };
		3EC7C8972BF6D126002928D1 /* CurrencyTests.swift in Sources */ = {isa = PBXBuildFile; fileRef = 3EC7C8962BF6D126002928D1 /* CurrencyTests.swift */; };
		3EC7C8992BF6D17B002928D1 /* CurrencyConversionServiceTests.swift in Sources */ = {isa = PBXBuildFile; fileRef = 3EC7C8982BF6D17B002928D1 /* CurrencyConversionServiceTests.swift */; };
		3EC7C89B2BF6D23E002928D1 /* TranslationServiceTests.swift in Sources */ = {isa = PBXBuildFile; fileRef = 3EC7C89A2BF6D23E002928D1 /* TranslationServiceTests.swift */; };
		3EC7C89D2BF6D306002928D1 /* WeatherServiceTests.swift in Sources */ = {isa = PBXBuildFile; fileRef = 3EC7C89C2BF6D306002928D1 /* WeatherServiceTests.swift */; };
		3EC7C8AD2BF763B4002928D1 /* MockWeatherResponse.json in CopyFiles */ = {isa = PBXBuildFile; fileRef = 3EC7C8A52BF6D4D0002928D1 /* MockWeatherResponse.json */; };
		3EC7C8AF2BF763BC002928D1 /* MockTranslationResponse.json in CopyFiles */ = {isa = PBXBuildFile; fileRef = 3EC7C89F2BF6D3FC002928D1 /* MockTranslationResponse.json */; };
		3EC7C8B12BF764A6002928D1 /* MockDetectionResponse.json in CopyFiles */ = {isa = PBXBuildFile; fileRef = 3EC7C8B02BF7645C002928D1 /* MockDetectionResponse.json */; };
		3EC7C8B52BFF7B47002928D1 /* Lottie in Frameworks */ = {isa = PBXBuildFile; productRef = 3EC7C8B42BFF7B47002928D1 /* Lottie */; };
		3EF158902BF588DF0012D8E1 /* SettingsViewController.swift in Sources */ = {isa = PBXBuildFile; fileRef = 3EF1588F2BF588DF0012D8E1 /* SettingsViewController.swift */; };
		3EF158932BF696F80012D8E1 /* WeatherService.swift in Sources */ = {isa = PBXBuildFile; fileRef = 3EF158922BF696F80012D8E1 /* WeatherService.swift */; };
		3EF1589E2BF6AC170012D8E1 /* SF-Pro.ttf in Resources */ = {isa = PBXBuildFile; fileRef = 3EF1589D2BF6AC170012D8E1 /* SF-Pro.ttf */; };
		3EF1589F2BF6AD950012D8E1 /* Main.storyboard in Resources */ = {isa = PBXBuildFile; fileRef = 3E7DCF982BECFD3A00E0889F /* Main.storyboard */; };
		3EF158AA2BF6B6DE0012D8E1 /* snowy.json in Resources */ = {isa = PBXBuildFile; fileRef = 3EF158A42BF6B6DE0012D8E1 /* snowy.json */; };
		3EF158AB2BF6B6DE0012D8E1 /* sunny.json in Resources */ = {isa = PBXBuildFile; fileRef = 3EF158A52BF6B6DE0012D8E1 /* sunny.json */; };
		3EF158AC2BF6B6DE0012D8E1 /* stormy.json in Resources */ = {isa = PBXBuildFile; fileRef = 3EF158A62BF6B6DE0012D8E1 /* stormy.json */; };
		3EF158AD2BF6B6DE0012D8E1 /* rainy.json in Resources */ = {isa = PBXBuildFile; fileRef = 3EF158A72BF6B6DE0012D8E1 /* rainy.json */; };
		3EF158AE2BF6B6DE0012D8E1 /* misty.json in Resources */ = {isa = PBXBuildFile; fileRef = 3EF158A82BF6B6DE0012D8E1 /* misty.json */; };
		3EF158AF2BF6B6DE0012D8E1 /* cloudy.json in Resources */ = {isa = PBXBuildFile; fileRef = 3EF158A92BF6B6DE0012D8E1 /* cloudy.json */; };
		3EF158B42BF6BFD60012D8E1 /* default.json in Resources */ = {isa = PBXBuildFile; fileRef = 3EF158B32BF6BFD60012D8E1 /* default.json */; };
/* End PBXBuildFile section */

/* Begin PBXContainerItemProxy section */
		3E7DCFA62BECFD3B00E0889F /* PBXContainerItemProxy */ = {
			isa = PBXContainerItemProxy;
			containerPortal = 3E7DCF872BECFD3A00E0889F /* Project object */;
			proxyType = 1;
			remoteGlobalIDString = 3E7DCF8E2BECFD3A00E0889F;
			remoteInfo = Le_Baluchon;
		};
/* End PBXContainerItemProxy section */

/* Begin PBXCopyFilesBuildPhase section */
		3EC7C8AC2BF763A0002928D1 /* CopyFiles */ = {
			isa = PBXCopyFilesBuildPhase;
			buildActionMask = 2147483647;
			dstPath = "";
			dstSubfolderSpec = 7;
			files = (
				3EC7C8AD2BF763B4002928D1 /* MockWeatherResponse.json in CopyFiles */,
				3EC7C8AF2BF763BC002928D1 /* MockTranslationResponse.json in CopyFiles */,
				3EC7C8B12BF764A6002928D1 /* MockDetectionResponse.json in CopyFiles */,
			);
			runOnlyForDeploymentPostprocessing = 0;
		};
/* End PBXCopyFilesBuildPhase section */

/* Begin PBXFileReference section */
		3E10E2D32BF2D3420006E483 /* translate.swift */ = {isa = PBXFileReference; lastKnownFileType = sourcecode.swift; path = translate.swift; sourceTree = "<group>"; };
		3E747C1A2BF2DBA30061E19E /* translateService.swift */ = {isa = PBXFileReference; lastKnownFileType = sourcecode.swift; path = translateService.swift; sourceTree = "<group>"; };
		3E7DCF8F2BECFD3A00E0889F /* Le_Baluchon.app */ = {isa = PBXFileReference; explicitFileType = wrapper.application; includeInIndex = 0; path = Le_Baluchon.app; sourceTree = BUILT_PRODUCTS_DIR; };
		3E7DCF922BECFD3A00E0889F /* AppDelegate.swift */ = {isa = PBXFileReference; lastKnownFileType = sourcecode.swift; path = AppDelegate.swift; sourceTree = "<group>"; };
		3E7DCF942BECFD3A00E0889F /* SceneDelegate.swift */ = {isa = PBXFileReference; lastKnownFileType = sourcecode.swift; path = SceneDelegate.swift; sourceTree = "<group>"; };
		3E7DCF992BECFD3A00E0889F /* Base */ = {isa = PBXFileReference; lastKnownFileType = file.storyboard; name = Base; path = Base.lproj/Main.storyboard; sourceTree = "<group>"; };
		3E7DCF9B2BECFD3B00E0889F /* Assets.xcassets */ = {isa = PBXFileReference; lastKnownFileType = folder.assetcatalog; path = Assets.xcassets; sourceTree = "<group>"; };
		3E7DCF9E2BECFD3B00E0889F /* Base */ = {isa = PBXFileReference; lastKnownFileType = file.storyboard; name = Base; path = Base.lproj/LaunchScreen.storyboard; sourceTree = "<group>"; };
		3E7DCFA02BECFD3B00E0889F /* Info.plist */ = {isa = PBXFileReference; lastKnownFileType = text.plist.xml; path = Info.plist; sourceTree = "<group>"; };
		3E7DCFA52BECFD3B00E0889F /* Le_BaluchonTests.xctest */ = {isa = PBXFileReference; explicitFileType = wrapper.cfbundle; includeInIndex = 0; path = Le_BaluchonTests.xctest; sourceTree = BUILT_PRODUCTS_DIR; };
		3E7DCFA92BECFD3B00E0889F /* Le_BaluchonTests.swift */ = {isa = PBXFileReference; lastKnownFileType = sourcecode.swift; path = Le_BaluchonTests.swift; sourceTree = "<group>"; };
		3E7DCFC52BED0EF600E0889F /* CurrencyViewController.swift */ = {isa = PBXFileReference; lastKnownFileType = sourcecode.swift; path = CurrencyViewController.swift; sourceTree = "<group>"; };
		3E7DCFC72BED0F0C00E0889F /* TranslateViewController.swift */ = {isa = PBXFileReference; lastKnownFileType = sourcecode.swift; path = TranslateViewController.swift; sourceTree = "<group>"; };
		3E7DCFC92BED0F2200E0889F /* ForecastViewController.swift */ = {isa = PBXFileReference; lastKnownFileType = sourcecode.swift; path = ForecastViewController.swift; sourceTree = "<group>"; };
		3E7DD0132BF1670B00E0889F /* currency.swift */ = {isa = PBXFileReference; lastKnownFileType = sourcecode.swift; path = currency.swift; sourceTree = "<group>"; };
		3E7DD0162BF1674900E0889F /* CurrencyService.swift */ = {isa = PBXFileReference; lastKnownFileType = sourcecode.swift; path = CurrencyService.swift; sourceTree = "<group>"; };
		3EC7C8962BF6D126002928D1 /* CurrencyTests.swift */ = {isa = PBXFileReference; lastKnownFileType = sourcecode.swift; path = CurrencyTests.swift; sourceTree = "<group>"; };
		3EC7C8982BF6D17B002928D1 /* CurrencyConversionServiceTests.swift */ = {isa = PBXFileReference; lastKnownFileType = sourcecode.swift; path = CurrencyConversionServiceTests.swift; sourceTree = "<group>"; };
		3EC7C89A2BF6D23E002928D1 /* TranslationServiceTests.swift */ = {isa = PBXFileReference; lastKnownFileType = sourcecode.swift; path = TranslationServiceTests.swift; sourceTree = "<group>"; };
		3EC7C89C2BF6D306002928D1 /* WeatherServiceTests.swift */ = {isa = PBXFileReference; lastKnownFileType = sourcecode.swift; path = WeatherServiceTests.swift; sourceTree = "<group>"; };
		3EC7C89F2BF6D3FC002928D1 /* MockTranslationResponse.json */ = {isa = PBXFileReference; explicitFileType = text.json; path = MockTranslationResponse.json; sourceTree = "<group>"; };
		3EC7C8A52BF6D4D0002928D1 /* MockWeatherResponse.json */ = {isa = PBXFileReference; explicitFileType = text.json; path = MockWeatherResponse.json; sourceTree = "<group>"; };
		3EC7C8B02BF7645C002928D1 /* MockDetectionResponse.json */ = {isa = PBXFileReference; lastKnownFileType = text.json; path = MockDetectionResponse.json; sourceTree = "<group>"; };
		3EF1588F2BF588DF0012D8E1 /* SettingsViewController.swift */ = {isa = PBXFileReference; lastKnownFileType = sourcecode.swift; path = SettingsViewController.swift; sourceTree = "<group>"; };
		3EF158922BF696F80012D8E1 /* WeatherService.swift */ = {isa = PBXFileReference; lastKnownFileType = sourcecode.swift; path = WeatherService.swift; sourceTree = "<group>"; };
		3EF1589D2BF6AC170012D8E1 /* SF-Pro.ttf */ = {isa = PBXFileReference; lastKnownFileType = file; path = "SF-Pro.ttf"; sourceTree = "<group>"; };
		3EF158A42BF6B6DE0012D8E1 /* snowy.json */ = {isa = PBXFileReference; fileEncoding = 4; lastKnownFileType = text.json; path = snowy.json; sourceTree = "<group>"; };
		3EF158A52BF6B6DE0012D8E1 /* sunny.json */ = {isa = PBXFileReference; fileEncoding = 4; lastKnownFileType = text.json; path = sunny.json; sourceTree = "<group>"; };
		3EF158A62BF6B6DE0012D8E1 /* stormy.json */ = {isa = PBXFileReference; fileEncoding = 4; lastKnownFileType = text.json; path = stormy.json; sourceTree = "<group>"; };
		3EF158A72BF6B6DE0012D8E1 /* rainy.json */ = {isa = PBXFileReference; fileEncoding = 4; lastKnownFileType = text.json; path = rainy.json; sourceTree = "<group>"; };
		3EF158A82BF6B6DE0012D8E1 /* misty.json */ = {isa = PBXFileReference; fileEncoding = 4; lastKnownFileType = text.json; path = misty.json; sourceTree = "<group>"; };
		3EF158A92BF6B6DE0012D8E1 /* cloudy.json */ = {isa = PBXFileReference; fileEncoding = 4; lastKnownFileType = text.json; path = cloudy.json; sourceTree = "<group>"; };
		3EF158B32BF6BFD60012D8E1 /* default.json */ = {isa = PBXFileReference; fileEncoding = 4; lastKnownFileType = text.json; path = default.json; sourceTree = "<group>"; };
/* End PBXFileReference section */

/* Begin PBXFrameworksBuildPhase section */
		3E7DCF8C2BECFD3A00E0889F /* Frameworks */ = {
			isa = PBXFrameworksBuildPhase;
			buildActionMask = 2147483647;
			files = (
				3EC7C8B52BFF7B47002928D1 /* Lottie in Frameworks */,
			);
			runOnlyForDeploymentPostprocessing = 0;
		};
		3E7DCFA22BECFD3B00E0889F /* Frameworks */ = {
			isa = PBXFrameworksBuildPhase;
			buildActionMask = 2147483647;
			files = (
			);
			runOnlyForDeploymentPostprocessing = 0;
		};
/* End PBXFrameworksBuildPhase section */

/* Begin PBXGroup section */
		3E7DCF862BECFD3A00E0889F = {
			isa = PBXGroup;
			children = (
				3E7DCF912BECFD3A00E0889F /* Le_Baluchon */,
				3E7DCFA82BECFD3B00E0889F /* Le_BaluchonTests */,
				3E7DCF902BECFD3A00E0889F /* Products */,
				3EC7C8B22BFF7A5D002928D1 /* Frameworks */,
			);
			sourceTree = "<group>";
		};
		3E7DCF902BECFD3A00E0889F /* Products */ = {
			isa = PBXGroup;
			children = (
				3E7DCF8F2BECFD3A00E0889F /* Le_Baluchon.app */,
				3E7DCFA52BECFD3B00E0889F /* Le_BaluchonTests.xctest */,
			);
			name = Products;
			sourceTree = "<group>";
		};
		3E7DCF912BECFD3A00E0889F /* Le_Baluchon */ = {
			isa = PBXGroup;
			children = (
				3EF158A32BF6B6B00012D8E1 /* lottie */,
				3EF1589C2BF6ABD10012D8E1 /* fonts */,
				3E7DD0152BF1672900E0889F /* Services */,
				3E7DCFC42BED053000E0889F /* Controller */,
				3E7DCFC32BED052100E0889F /* View */,
				3E7DCFC22BED051600E0889F /* Model */,
				3E7DCF922BECFD3A00E0889F /* AppDelegate.swift */,
				3E7DCF942BECFD3A00E0889F /* SceneDelegate.swift */,
				3E7DCF9B2BECFD3B00E0889F /* Assets.xcassets */,
				3EF158A42BF6B6DE0012D8E1 /* snowy.json */,
				3EF158B32BF6BFD60012D8E1 /* default.json */,
				3EF158A92BF6B6DE0012D8E1 /* cloudy.json */,
				3EF158A72BF6B6DE0012D8E1 /* rainy.json */,
				3EF158A52BF6B6DE0012D8E1 /* sunny.json */,
				3EF158A62BF6B6DE0012D8E1 /* stormy.json */,
				3EF158A82BF6B6DE0012D8E1 /* misty.json */,
				3E7DCFA02BECFD3B00E0889F /* Info.plist */,
			);
			path = Le_Baluchon;
			sourceTree = "<group>";
		};
		3E7DCFA82BECFD3B00E0889F /* Le_BaluchonTests */ = {
			isa = PBXGroup;
			children = (
				3EC7C89E2BF6D3AF002928D1 /* MockData */,
				3E7DCFA92BECFD3B00E0889F /* Le_BaluchonTests.swift */,
				3EC7C8962BF6D126002928D1 /* CurrencyTests.swift */,
				3EC7C8982BF6D17B002928D1 /* CurrencyConversionServiceTests.swift */,
				3EC7C89A2BF6D23E002928D1 /* TranslationServiceTests.swift */,
				3EC7C89C2BF6D306002928D1 /* WeatherServiceTests.swift */,
			);
			path = Le_BaluchonTests;
			sourceTree = "<group>";
		};
		3E7DCFC22BED051600E0889F /* Model */ = {
			isa = PBXGroup;
			children = (
				3E7DD0132BF1670B00E0889F /* currency.swift */,
				3E10E2D32BF2D3420006E483 /* translate.swift */,
			);
			path = Model;
			sourceTree = "<group>";
		};
		3E7DCFC32BED052100E0889F /* View */ = {
			isa = PBXGroup;
			children = (
				3E7DCF982BECFD3A00E0889F /* Main.storyboard */,
				3E7DCF9D2BECFD3B00E0889F /* LaunchScreen.storyboard */,
			);
			path = View;
			sourceTree = "<group>";
		};
		3E7DCFC42BED053000E0889F /* Controller */ = {
			isa = PBXGroup;
			children = (
				3E7DCFC52BED0EF600E0889F /* CurrencyViewController.swift */,
				3E7DCFC72BED0F0C00E0889F /* TranslateViewController.swift */,
				3E7DCFC92BED0F2200E0889F /* ForecastViewController.swift */,
				3EF1588F2BF588DF0012D8E1 /* SettingsViewController.swift */,
			);
			path = Controller;
			sourceTree = "<group>";
		};
		3E7DD0152BF1672900E0889F /* Services */ = {
			isa = PBXGroup;
			children = (
				3E7DD0162BF1674900E0889F /* CurrencyService.swift */,
				3E747C1A2BF2DBA30061E19E /* translateService.swift */,
				3EF158922BF696F80012D8E1 /* WeatherService.swift */,
			);
			path = Services;
			sourceTree = "<group>";
		};
		3EC7C89E2BF6D3AF002928D1 /* MockData */ = {
			isa = PBXGroup;
			children = (
				3EC7C89F2BF6D3FC002928D1 /* MockTranslationResponse.json */,
				3EC7C8A52BF6D4D0002928D1 /* MockWeatherResponse.json */,
				3EC7C8B02BF7645C002928D1 /* MockDetectionResponse.json */,
			);
			path = MockData;
			sourceTree = "<group>";
		};
		3EC7C8B22BFF7A5D002928D1 /* Frameworks */ = {
			isa = PBXGroup;
			children = (
			);
			name = Frameworks;
			sourceTree = "<group>";
		};
		3EF1589C2BF6ABD10012D8E1 /* fonts */ = {
			isa = PBXGroup;
			children = (
				3EF1589D2BF6AC170012D8E1 /* SF-Pro.ttf */,
			);
			path = fonts;
			sourceTree = "<group>";
		};
		3EF158A32BF6B6B00012D8E1 /* lottie */ = {
			isa = PBXGroup;
			children = (
			);
			path = lottie;
			sourceTree = "<group>";
		};
/* End PBXGroup section */

/* Begin PBXNativeTarget section */
		3E7DCF8E2BECFD3A00E0889F /* Le_Baluchon */ = {
			isa = PBXNativeTarget;
			buildConfigurationList = 3E7DCFB92BECFD3B00E0889F /* Build configuration list for PBXNativeTarget "Le_Baluchon" */;
			buildPhases = (
				3E7DCF8B2BECFD3A00E0889F /* Sources */,
				3E7DCF8C2BECFD3A00E0889F /* Frameworks */,
				3E7DCF8D2BECFD3A00E0889F /* Resources */,
			);
			buildRules = (
			);
			dependencies = (
			);
			name = Le_Baluchon;
			packageProductDependencies = (
				3EC7C8B42BFF7B47002928D1 /* Lottie */,
			);
			productName = Le_Baluchon;
			productReference = 3E7DCF8F2BECFD3A00E0889F /* Le_Baluchon.app */;
			productType = "com.apple.product-type.application";
		};
		3E7DCFA42BECFD3B00E0889F /* Le_BaluchonTests */ = {
			isa = PBXNativeTarget;
			buildConfigurationList = 3E7DCFBC2BECFD3B00E0889F /* Build configuration list for PBXNativeTarget "Le_BaluchonTests" */;
			buildPhases = (
				3E7DCFA12BECFD3B00E0889F /* Sources */,
				3E7DCFA22BECFD3B00E0889F /* Frameworks */,
				3EC7C8AC2BF763A0002928D1 /* CopyFiles */,
			);
			buildRules = (
			);
			dependencies = (
				3E7DCFA72BECFD3B00E0889F /* PBXTargetDependency */,
			);
			name = Le_BaluchonTests;
			productName = Le_BaluchonTests;
			productReference = 3E7DCFA52BECFD3B00E0889F /* Le_BaluchonTests.xctest */;
			productType = "com.apple.product-type.bundle.unit-test";
		};
/* End PBXNativeTarget section */

/* Begin PBXProject section */
		3E7DCF872BECFD3A00E0889F /* Project object */ = {
			isa = PBXProject;
			attributes = {
				BuildIndependentTargetsInParallel = 1;
				LastSwiftUpdateCheck = 1530;
				LastUpgradeCheck = 1530;
				TargetAttributes = {
					3E7DCF8E2BECFD3A00E0889F = {
						CreatedOnToolsVersion = 15.3;
					};
					3E7DCFA42BECFD3B00E0889F = {
						CreatedOnToolsVersion = 15.3;
						TestTargetID = 3E7DCF8E2BECFD3A00E0889F;
					};
				};
			};
			buildConfigurationList = 3E7DCF8A2BECFD3A00E0889F /* Build configuration list for PBXProject "Le_Baluchon" */;
			compatibilityVersion = "Xcode 14.0";
			developmentRegion = en;
			hasScannedForEncodings = 0;
			knownRegions = (
				en,
				Base,
			);
			mainGroup = 3E7DCF862BECFD3A00E0889F;
			packageReferences = (
				3EC7C8B32BFF7A7A002928D1 /* XCRemoteSwiftPackageReference "lottie-ios" */,
			);
			productRefGroup = 3E7DCF902BECFD3A00E0889F /* Products */;
			projectDirPath = "";
			projectRoot = "";
			targets = (
				3E7DCF8E2BECFD3A00E0889F /* Le_Baluchon */,
				3E7DCFA42BECFD3B00E0889F /* Le_BaluchonTests */,
			);
		};
/* End PBXProject section */

/* Begin PBXResourcesBuildPhase section */
		3E7DCF8D2BECFD3A00E0889F /* Resources */ = {
			isa = PBXResourcesBuildPhase;
			buildActionMask = 2147483647;
			files = (
				3EF158AF2BF6B6DE0012D8E1 /* cloudy.json in Resources */,
				3EF158B42BF6BFD60012D8E1 /* default.json in Resources */,
				3EF158AC2BF6B6DE0012D8E1 /* stormy.json in Resources */,
				3EF1589F2BF6AD950012D8E1 /* Main.storyboard in Resources */,
				3EF158AA2BF6B6DE0012D8E1 /* snowy.json in Resources */,
				3E7DCF9C2BECFD3B00E0889F /* Assets.xcassets in Resources */,
				3EF158AE2BF6B6DE0012D8E1 /* misty.json in Resources */,
				3EF1589E2BF6AC170012D8E1 /* SF-Pro.ttf in Resources */,
				3EF158AD2BF6B6DE0012D8E1 /* rainy.json in Resources */,
				3EF158AB2BF6B6DE0012D8E1 /* sunny.json in Resources */,
				3E7DCF9F2BECFD3B00E0889F /* Base in Resources */,
			);
			runOnlyForDeploymentPostprocessing = 0;
		};
/* End PBXResourcesBuildPhase section */

/* Begin PBXSourcesBuildPhase section */
		3E7DCF8B2BECFD3A00E0889F /* Sources */ = {
			isa = PBXSourcesBuildPhase;
			buildActionMask = 2147483647;
			files = (
				3E10E2D42BF2D3420006E483 /* translate.swift in Sources */,
				3E7DCF932BECFD3A00E0889F /* AppDelegate.swift in Sources */,
				3EF158902BF588DF0012D8E1 /* SettingsViewController.swift in Sources */,
				3E7DCFC82BED0F0C00E0889F /* TranslateViewController.swift in Sources */,
				3EF158932BF696F80012D8E1 /* WeatherService.swift in Sources */,
				3E7DD0142BF1670B00E0889F /* currency.swift in Sources */,
				3E7DCFCA2BED0F2200E0889F /* ForecastViewController.swift in Sources */,
				3E7DD0172BF1674900E0889F /* CurrencyService.swift in Sources */,
				3E7DCFC62BED0EF600E0889F /* CurrencyViewController.swift in Sources */,
				3E747C1B2BF2DBA30061E19E /* translateService.swift in Sources */,
				3E7DCF952BECFD3A00E0889F /* SceneDelegate.swift in Sources */,
			);
			runOnlyForDeploymentPostprocessing = 0;
		};
		3E7DCFA12BECFD3B00E0889F /* Sources */ = {
			isa = PBXSourcesBuildPhase;
			buildActionMask = 2147483647;
			files = (
				3EC7C8972BF6D126002928D1 /* CurrencyTests.swift in Sources */,
				3EC7C89D2BF6D306002928D1 /* WeatherServiceTests.swift in Sources */,
				3EC7C8992BF6D17B002928D1 /* CurrencyConversionServiceTests.swift in Sources */,
				3E7DCFAA2BECFD3B00E0889F /* Le_BaluchonTests.swift in Sources */,
				3EC7C89B2BF6D23E002928D1 /* TranslationServiceTests.swift in Sources */,
			);
			runOnlyForDeploymentPostprocessing = 0;
		};
/* End PBXSourcesBuildPhase section */

/* Begin PBXTargetDependency section */
		3E7DCFA72BECFD3B00E0889F /* PBXTargetDependency */ = {
			isa = PBXTargetDependency;
			target = 3E7DCF8E2BECFD3A00E0889F /* Le_Baluchon */;
			targetProxy = 3E7DCFA62BECFD3B00E0889F /* PBXContainerItemProxy */;
		};
/* End PBXTargetDependency section */

/* Begin PBXVariantGroup section */
		3E7DCF982BECFD3A00E0889F /* Main.storyboard */ = {
			isa = PBXVariantGroup;
			children = (
				3E7DCF992BECFD3A00E0889F /* Base */,
			);
			name = Main.storyboard;
			sourceTree = "<group>";
		};
		3E7DCF9D2BECFD3B00E0889F /* LaunchScreen.storyboard */ = {
			isa = PBXVariantGroup;
			children = (
				3E7DCF9E2BECFD3B00E0889F /* Base */,
			);
			name = LaunchScreen.storyboard;
			sourceTree = "<group>";
		};
/* End PBXVariantGroup section */

/* Begin XCBuildConfiguration section */
		3E7DCFB72BECFD3B00E0889F /* Debug */ = {
			isa = XCBuildConfiguration;
			buildSettings = {
				ALWAYS_SEARCH_USER_PATHS = NO;
				ASSETCATALOG_COMPILER_GENERATE_SWIFT_ASSET_SYMBOL_EXTENSIONS = YES;
				CLANG_ANALYZER_NONNULL = YES;
				CLANG_ANALYZER_NUMBER_OBJECT_CONVERSION = YES_AGGRESSIVE;
				CLANG_CXX_LANGUAGE_STANDARD = "gnu++20";
				CLANG_ENABLE_MODULES = YES;
				CLANG_ENABLE_OBJC_ARC = YES;
				CLANG_ENABLE_OBJC_WEAK = YES;
				CLANG_WARN_BLOCK_CAPTURE_AUTORELEASING = YES;
				CLANG_WARN_BOOL_CONVERSION = YES;
				CLANG_WARN_COMMA = YES;
				CLANG_WARN_CONSTANT_CONVERSION = YES;
				CLANG_WARN_DEPRECATED_OBJC_IMPLEMENTATIONS = YES;
				CLANG_WARN_DIRECT_OBJC_ISA_USAGE = YES_ERROR;
				CLANG_WARN_DOCUMENTATION_COMMENTS = YES;
				CLANG_WARN_EMPTY_BODY = YES;
				CLANG_WARN_ENUM_CONVERSION = YES;
				CLANG_WARN_INFINITE_RECURSION = YES;
				CLANG_WARN_INT_CONVERSION = YES;
				CLANG_WARN_NON_LITERAL_NULL_CONVERSION = YES;
				CLANG_WARN_OBJC_IMPLICIT_RETAIN_SELF = YES;
				CLANG_WARN_OBJC_LITERAL_CONVERSION = YES;
				CLANG_WARN_OBJC_ROOT_CLASS = YES_ERROR;
				CLANG_WARN_QUOTED_INCLUDE_IN_FRAMEWORK_HEADER = YES;
				CLANG_WARN_RANGE_LOOP_ANALYSIS = YES;
				CLANG_WARN_STRICT_PROTOTYPES = YES;
				CLANG_WARN_SUSPICIOUS_MOVE = YES;
				CLANG_WARN_UNGUARDED_AVAILABILITY = YES_AGGRESSIVE;
				CLANG_WARN_UNREACHABLE_CODE = YES;
				CLANG_WARN__DUPLICATE_METHOD_MATCH = YES;
				COPY_PHASE_STRIP = NO;
				DEBUG_INFORMATION_FORMAT = dwarf;
				ENABLE_STRICT_OBJC_MSGSEND = YES;
				ENABLE_TESTABILITY = YES;
				ENABLE_USER_SCRIPT_SANDBOXING = YES;
				GCC_C_LANGUAGE_STANDARD = gnu17;
				GCC_DYNAMIC_NO_PIC = NO;
				GCC_NO_COMMON_BLOCKS = YES;
				GCC_OPTIMIZATION_LEVEL = 0;
				GCC_PREPROCESSOR_DEFINITIONS = (
					"DEBUG=1",
					"$(inherited)",
				);
				GCC_WARN_64_TO_32_BIT_CONVERSION = YES;
				GCC_WARN_ABOUT_RETURN_TYPE = YES_ERROR;
				GCC_WARN_UNDECLARED_SELECTOR = YES;
				GCC_WARN_UNINITIALIZED_AUTOS = YES_AGGRESSIVE;
				GCC_WARN_UNUSED_FUNCTION = YES;
				GCC_WARN_UNUSED_VARIABLE = YES;
				IPHONEOS_DEPLOYMENT_TARGET = 17.4;
				LOCALIZATION_PREFERS_STRING_CATALOGS = YES;
				MTL_ENABLE_DEBUG_INFO = INCLUDE_SOURCE;
				MTL_FAST_MATH = YES;
				ONLY_ACTIVE_ARCH = YES;
				SDKROOT = iphoneos;
				SWIFT_ACTIVE_COMPILATION_CONDITIONS = "DEBUG $(inherited)";
				SWIFT_OPTIMIZATION_LEVEL = "-Onone";
			};
			name = Debug;
		};
		3E7DCFB82BECFD3B00E0889F /* Release */ = {
			isa = XCBuildConfiguration;
			buildSettings = {
				ALWAYS_SEARCH_USER_PATHS = NO;
				ASSETCATALOG_COMPILER_GENERATE_SWIFT_ASSET_SYMBOL_EXTENSIONS = YES;
				CLANG_ANALYZER_NONNULL = YES;
				CLANG_ANALYZER_NUMBER_OBJECT_CONVERSION = YES_AGGRESSIVE;
				CLANG_CXX_LANGUAGE_STANDARD = "gnu++20";
				CLANG_ENABLE_MODULES = YES;
				CLANG_ENABLE_OBJC_ARC = YES;
				CLANG_ENABLE_OBJC_WEAK = YES;
				CLANG_WARN_BLOCK_CAPTURE_AUTORELEASING = YES;
				CLANG_WARN_BOOL_CONVERSION = YES;
				CLANG_WARN_COMMA = YES;
				CLANG_WARN_CONSTANT_CONVERSION = YES;
				CLANG_WARN_DEPRECATED_OBJC_IMPLEMENTATIONS = YES;
				CLANG_WARN_DIRECT_OBJC_ISA_USAGE = YES_ERROR;
				CLANG_WARN_DOCUMENTATION_COMMENTS = YES;
				CLANG_WARN_EMPTY_BODY = YES;
				CLANG_WARN_ENUM_CONVERSION = YES;
				CLANG_WARN_INFINITE_RECURSION = YES;
				CLANG_WARN_INT_CONVERSION = YES;
				CLANG_WARN_NON_LITERAL_NULL_CONVERSION = YES;
				CLANG_WARN_OBJC_IMPLICIT_RETAIN_SELF = YES;
				CLANG_WARN_OBJC_LITERAL_CONVERSION = YES;
				CLANG_WARN_OBJC_ROOT_CLASS = YES_ERROR;
				CLANG_WARN_QUOTED_INCLUDE_IN_FRAMEWORK_HEADER = YES;
				CLANG_WARN_RANGE_LOOP_ANALYSIS = YES;
				CLANG_WARN_STRICT_PROTOTYPES = YES;
				CLANG_WARN_SUSPICIOUS_MOVE = YES;
				CLANG_WARN_UNGUARDED_AVAILABILITY = YES_AGGRESSIVE;
				CLANG_WARN_UNREACHABLE_CODE = YES;
				CLANG_WARN__DUPLICATE_METHOD_MATCH = YES;
				COPY_PHASE_STRIP = NO;
				DEBUG_INFORMATION_FORMAT = "dwarf-with-dsym";
				ENABLE_NS_ASSERTIONS = NO;
				ENABLE_STRICT_OBJC_MSGSEND = YES;
				ENABLE_USER_SCRIPT_SANDBOXING = YES;
				GCC_C_LANGUAGE_STANDARD = gnu17;
				GCC_NO_COMMON_BLOCKS = YES;
				GCC_WARN_64_TO_32_BIT_CONVERSION = YES;
				GCC_WARN_ABOUT_RETURN_TYPE = YES_ERROR;
				GCC_WARN_UNDECLARED_SELECTOR = YES;
				GCC_WARN_UNINITIALIZED_AUTOS = YES_AGGRESSIVE;
				GCC_WARN_UNUSED_FUNCTION = YES;
				GCC_WARN_UNUSED_VARIABLE = YES;
				IPHONEOS_DEPLOYMENT_TARGET = 17.4;
				LOCALIZATION_PREFERS_STRING_CATALOGS = YES;
				MTL_ENABLE_DEBUG_INFO = NO;
				MTL_FAST_MATH = YES;
				SDKROOT = iphoneos;
				SWIFT_COMPILATION_MODE = wholemodule;
				VALIDATE_PRODUCT = YES;
			};
			name = Release;
		};
		3E7DCFBA2BECFD3B00E0889F /* Debug */ = {
			isa = XCBuildConfiguration;
			buildSettings = {
				ASSETCATALOG_COMPILER_APPICON_NAME = AppIcon;
				ASSETCATALOG_COMPILER_GLOBAL_ACCENT_COLOR_NAME = AccentColor;
				CODE_SIGN_STYLE = Automatic;
				CURRENT_PROJECT_VERSION = 1;
				DEVELOPMENT_TEAM = VRA2ZFJM88;
				GENERATE_INFOPLIST_FILE = YES;
				INFOPLIST_FILE = Le_Baluchon/Info.plist;
				INFOPLIST_KEY_UIApplicationSupportsIndirectInputEvents = YES;
				INFOPLIST_KEY_UILaunchStoryboardName = LaunchScreen;
				INFOPLIST_KEY_UIMainStoryboardFile = Main;
				INFOPLIST_KEY_UISupportedInterfaceOrientations_iPad = "UIInterfaceOrientationPortrait UIInterfaceOrientationPortraitUpsideDown UIInterfaceOrientationLandscapeLeft UIInterfaceOrientationLandscapeRight";
				INFOPLIST_KEY_UISupportedInterfaceOrientations_iPhone = "UIInterfaceOrientationPortrait UIInterfaceOrientationLandscapeLeft UIInterfaceOrientationLandscapeRight";
				LD_RUNPATH_SEARCH_PATHS = (
					"$(inherited)",
					"@executable_path/Frameworks",
				);
				MARKETING_VERSION = 1.0;
				PRODUCT_BUNDLE_IDENTIFIER = "fr.younesouasmi.Le-Baluchon";
				PRODUCT_NAME = "$(TARGET_NAME)";
				SWIFT_EMIT_LOC_STRINGS = YES;
				SWIFT_VERSION = 5.0;
				TARGETED_DEVICE_FAMILY = "1,2";
			};
			name = Debug;
		};
		3E7DCFBB2BECFD3B00E0889F /* Release */ = {
			isa = XCBuildConfiguration;
			buildSettings = {
				ASSETCATALOG_COMPILER_APPICON_NAME = AppIcon;
				ASSETCATALOG_COMPILER_GLOBAL_ACCENT_COLOR_NAME = AccentColor;
				CODE_SIGN_STYLE = Automatic;
				CURRENT_PROJECT_VERSION = 1;
				DEVELOPMENT_TEAM = VRA2ZFJM88;
				GENERATE_INFOPLIST_FILE = YES;
				INFOPLIST_FILE = Le_Baluchon/Info.plist;
				INFOPLIST_KEY_UIApplicationSupportsIndirectInputEvents = YES;
				INFOPLIST_KEY_UILaunchStoryboardName = LaunchScreen;
				INFOPLIST_KEY_UIMainStoryboardFile = Main;
				INFOPLIST_KEY_UISupportedInterfaceOrientations_iPad = "UIInterfaceOrientationPortrait UIInterfaceOrientationPortraitUpsideDown UIInterfaceOrientationLandscapeLeft UIInterfaceOrientationLandscapeRight";
				INFOPLIST_KEY_UISupportedInterfaceOrientations_iPhone = "UIInterfaceOrientationPortrait UIInterfaceOrientationLandscapeLeft UIInterfaceOrientationLandscapeRight";
				LD_RUNPATH_SEARCH_PATHS = (
					"$(inherited)",
					"@executable_path/Frameworks",
				);
				MARKETING_VERSION = 1.0;
				PRODUCT_BUNDLE_IDENTIFIER = "fr.younesouasmi.Le-Baluchon";
				PRODUCT_NAME = "$(TARGET_NAME)";
				SWIFT_EMIT_LOC_STRINGS = YES;
				SWIFT_VERSION = 5.0;
				TARGETED_DEVICE_FAMILY = "1,2";
			};
			name = Release;
		};
		3E7DCFBD2BECFD3B00E0889F /* Debug */ = {
			isa = XCBuildConfiguration;
			buildSettings = {
				ALWAYS_EMBED_SWIFT_STANDARD_LIBRARIES = YES;
				BUNDLE_LOADER = "$(TEST_HOST)";
				CODE_SIGN_STYLE = Automatic;
				CURRENT_PROJECT_VERSION = 1;
				DEVELOPMENT_TEAM = VRA2ZFJM88;
				GENERATE_INFOPLIST_FILE = YES;
				IPHONEOS_DEPLOYMENT_TARGET = 17.4;
				MARKETING_VERSION = 1.0;
				ONLY_ACTIVE_ARCH = YES;
				PRODUCT_BUNDLE_IDENTIFIER = "fr.younesouasmi.Le-BaluchonTests";
				PRODUCT_NAME = "$(TARGET_NAME)";
				SWIFT_EMIT_LOC_STRINGS = NO;
				SWIFT_VERSION = 5.0;
				TARGETED_DEVICE_FAMILY = "1,2";
				TEST_HOST = "$(BUILT_PRODUCTS_DIR)/Le_Baluchon.app/$(BUNDLE_EXECUTABLE_FOLDER_PATH)/Le_Baluchon";
			};
			name = Debug;
		};
		3E7DCFBE2BECFD3B00E0889F /* Release */ = {
			isa = XCBuildConfiguration;
			buildSettings = {
				ALWAYS_EMBED_SWIFT_STANDARD_LIBRARIES = YES;
				BUNDLE_LOADER = "$(TEST_HOST)";
				CODE_SIGN_STYLE = Automatic;
				CURRENT_PROJECT_VERSION = 1;
				DEVELOPMENT_TEAM = VRA2ZFJM88;
				GENERATE_INFOPLIST_FILE = YES;
				IPHONEOS_DEPLOYMENT_TARGET = 17.4;
				MARKETING_VERSION = 1.0;
				ONLY_ACTIVE_ARCH = YES;
				PRODUCT_BUNDLE_IDENTIFIER = "fr.younesouasmi.Le-BaluchonTests";
				PRODUCT_NAME = "$(TARGET_NAME)";
				SWIFT_EMIT_LOC_STRINGS = NO;
				SWIFT_VERSION = 5.0;
				TARGETED_DEVICE_FAMILY = "1,2";
				TEST_HOST = "$(BUILT_PRODUCTS_DIR)/Le_Baluchon.app/$(BUNDLE_EXECUTABLE_FOLDER_PATH)/Le_Baluchon";
			};
			name = Release;
		};
/* End XCBuildConfiguration section */

/* Begin XCConfigurationList section */
		3E7DCF8A2BECFD3A00E0889F /* Build configuration list for PBXProject "Le_Baluchon" */ = {
			isa = XCConfigurationList;
			buildConfigurations = (
				3E7DCFB72BECFD3B00E0889F /* Debug */,
				3E7DCFB82BECFD3B00E0889F /* Release */,
			);
			defaultConfigurationIsVisible = 0;
			defaultConfigurationName = Release;
		};
		3E7DCFB92BECFD3B00E0889F /* Build configuration list for PBXNativeTarget "Le_Baluchon" */ = {
			isa = XCConfigurationList;
			buildConfigurations = (
				3E7DCFBA2BECFD3B00E0889F /* Debug */,
				3E7DCFBB2BECFD3B00E0889F /* Release */,
			);
			defaultConfigurationIsVisible = 0;
			defaultConfigurationName = Release;
		};
		3E7DCFBC2BECFD3B00E0889F /* Build configuration list for PBXNativeTarget "Le_BaluchonTests" */ = {
			isa = XCConfigurationList;
			buildConfigurations = (
				3E7DCFBD2BECFD3B00E0889F /* Debug */,
				3E7DCFBE2BECFD3B00E0889F /* Release */,
			);
			defaultConfigurationIsVisible = 0;
			defaultConfigurationName = Release;
		};
/* End XCConfigurationList section */

/* Begin XCRemoteSwiftPackageReference section */
		3EC7C8B32BFF7A7A002928D1 /* XCRemoteSwiftPackageReference "lottie-ios" */ = {
			isa = XCRemoteSwiftPackageReference;
			repositoryURL = "https://github.com/airbnb/lottie-ios.git";
			requirement = {
				kind = upToNextMajorVersion;
				minimumVersion = 4.4.3;
			};
		};
/* End XCRemoteSwiftPackageReference section */

/* Begin XCSwiftPackageProductDependency section */
		3EC7C8B42BFF7B47002928D1 /* Lottie */ = {
			isa = XCSwiftPackageProductDependency;
			package = 3EC7C8B32BFF7A7A002928D1 /* XCRemoteSwiftPackageReference "lottie-ios" */;
			productName = Lottie;
		};
/* End XCSwiftPackageProductDependency section */
	};
	rootObject = 3E7DCF872BECFD3A00E0889F /* Project object */;
}
